
Microsoft Visual Studio Solution File, Format Version 12.00
Project("{FAE04EC0-301F-11D3-BF4B-00C04F79EFBC}") = "Algorithms", "Algorithms\Algorithms.csproj", "{F6A535D1-3A91-4080-AA44-ED9C9FD079C2}"
EndProject
Project("{FAE04EC0-301F-11D3-BF4B-00C04F79EFBC}") = "Algorithms.Benchmarks", "Algorithms.Benchmarks\Algorithms.Benchmarks.csproj", "{097C94EB-D957-462B-8FC2-A168E1867441}"
EndProject
Global
	GlobalSection(SolutionConfigurationPlatforms) = preSolution
		Debug|Any CPU = Debug|Any CPU
		Release|Any CPU = Release|Any CPU
	EndGlobalSection
	GlobalSection(ProjectConfigurationPlatforms) = postSolution
		{F6A535D1-3A91-4080-AA44-ED9C9FD079C2}.Debug|Any CPU.ActiveCfg = Debug|Any CPU
		{F6A535D1-3A91-4080-AA44-ED9C9FD079C2}.Debug|Any CPU.Build.0 = Debug|Any CPU
		{F6A535D1-3A91-4080-AA44-ED9C9FD079C2}.Release|Any CPU.ActiveCfg = Release|Any CPU
		{F6A535D1-3A91-4080-AA44-ED9C9FD079C2}.Release|Any CPU.Build.0 = Release|Any CPU
		{097C94EB-D957-462B-8FC2-A168E1867441}.Debug|Any CPU.ActiveCfg = Debug|Any CPU
		{097C94EB-D957-462B-8FC2-A168E1867441}.Debug|Any CPU.Build.0 = Debug|Any CPU
		{097C94EB-D957-462B-8FC2-A168E1867441}.Release|Any CPU.ActiveCfg = Release|Any CPU
		{097C94EB-D957-462B-8FC2-A168E1867441}.Release|Any CPU.Build.0 = Release|Any CPU
	EndGlobalSection
EndGlobal
